
Microsoft Visual Studio Solution File, Format Version 12.00
# Visual Studio 14
VisualStudioVersion = 14.0.24720.0
MinimumVisualStudioVersion = 10.0.40219.1
Project("{8BC9CEB8-8B4A-11D0-8D11-00A0C91BC942}") = "sq", "sq\sq.vcxproj", "{F82B6159-5047-4A01-8D85-9D8DDA6C6ED0}"
EndProject
Project("{8BC9CEB8-8B4A-11D0-8D11-00A0C91BC942}") = "sqstdlib", "sqstdlib\sqstdlib.vcxproj", "{23A17D55-6872-4000-8BC9-6FA05C4E75DC}"
EndProject
Project("{8BC9CEB8-8B4A-11D0-8D11-00A0C91BC942}") = "squirrel", "squirrel\squirrel.vcxproj", "{505E8E72-41D2-466E-BE62-1DE2ACC40ACD}"
EndProject
Global
	GlobalSection(SolutionConfigurationPlatforms) = preSolution
		Debug|Win32 = Debug|Win32
		Release|Win32 = Release|Win32
	EndGlobalSection
	GlobalSection(ProjectConfigurationPlatforms) = postSolution
		{F82B6159-5047-4A01-8D85-9D8DDA6C6ED0}.Debug|Win32.ActiveCfg = Debug|Win32
		{F82B6159-5047-4A01-8D85-9D8DDA6C6ED0}.Debug|Win32.Build.0 = Debug|Win32
		{F82B6159-5047-4A01-8D85-9D8DDA6C6ED0}.Release|Win32.ActiveCfg = Release|Win32
		{F82B6159-5047-4A01-8D85-9D8DDA6C6ED0}.Release|Win32.Build.0 = Release|Win32
		{23A17D55-6872-4000-8BC9-6FA05C4E75DC}.Debug|Win32.ActiveCfg = Debug|Win32
		{23A17D55-6872-4000-8BC9-6FA05C4E75DC}.Debug|Win32.Build.0 = Debug|Win32
		{23A17D55-6872-4000-8BC9-6FA05C4E75DC}.Release|Win32.ActiveCfg = Release|Win32
		{23A17D55-6872-4000-8BC9-6FA05C4E75DC}.Release|Win32.Build.0 = Release|Win32
		{505E8E72-41D2-466E-BE62-1DE2ACC40ACD}.Debug|Win32.ActiveCfg = Debug|Win32
		{505E8E72-41D2-466E-BE62-1DE2ACC40ACD}.Debug|Win32.Build.0 = Debug|Win32
		{505E8E72-41D2-466E-BE62-1DE2ACC40ACD}.Release|Win32.ActiveCfg = Release|Win32
		{505E8E72-41D2-466E-BE62-1DE2ACC40ACD}.Release|Win32.Build.0 = Release|Win32
	EndGlobalSection
	GlobalSection(SolutionProperties) = preSolution
		HideSolutionNode = FALSE
	EndGlobalSection
EndGlobal
